{
  "name": "bangumi-search",
  "version": "1.0.0",
  "lockfileVersion": 1,
  "requires": true,
  "dependencies": {
    "bangumi-data": {
      "version": "0.3.13",
      "resolved": "https://registry.npmjs.org/bangumi-data/-/bangumi-data-0.3.13.tgz",
      "integrity": "sha512-EkFfMz/GK1OZC2K9iU4c+IwyTOKM4mGF0nmbvgflac+9OY7CFGVAsP1S7ezJ7lf5eT1NMiLho4E1GQPfPJdQlQ=="
    }
  }
}
